// !$*UTF8*$!
{
	archiveVersion = 1;
	classes = {
	};
	objectVersion = 54;
	objects = {

/* Begin PBXBuildFile section */
		5107637325B04E7100B82F7F /* FeedArticle.swift in Sources */ = {isa = PBXBuildFile; fileRef = 5107637225B04E7100B82F7F /* FeedArticle.swift */; };
		512EA67025B0471C00B1E06B /* feed.pb.swift in Sources */ = {isa = PBXBuildFile; fileRef = 512EA66A25B0471C00B1E06B /* feed.pb.swift */; };
		512EA67125B0471C00B1E06B /* feed.pb.swift in Sources */ = {isa = PBXBuildFile; fileRef = 512EA66A25B0471C00B1E06B /* feed.pb.swift */; };
		512EA67225B0471C00B1E06B /* blob.pb.swift in Sources */ = {isa = PBXBuildFile; fileRef = 512EA66B25B0471C00B1E06B /* blob.pb.swift */; };
		512EA67325B0471C00B1E06B /* blob.pb.swift in Sources */ = {isa = PBXBuildFile; fileRef = 512EA66B25B0471C00B1E06B /* blob.pb.swift */; };
		512EA67425B0471C00B1E06B /* helloworld.grpc.swift in Sources */ = {isa = PBXBuildFile; fileRef = 512EA66C25B0471C00B1E06B /* helloworld.grpc.swift */; };
		512EA67525B0471C00B1E06B /* helloworld.grpc.swift in Sources */ = {isa = PBXBuildFile; fileRef = 512EA66C25B0471C00B1E06B /* helloworld.grpc.swift */; };
		512EA67625B0471C00B1E06B /* helloworld.pb.swift in Sources */ = {isa = PBXBuildFile; fileRef = 512EA66D25B0471C00B1E06B /* helloworld.pb.swift */; };
		512EA67725B0471C00B1E06B /* helloworld.pb.swift in Sources */ = {isa = PBXBuildFile; fileRef = 512EA66D25B0471C00B1E06B /* helloworld.pb.swift */; };
		512EA67825B0471C00B1E06B /* feed.grpc.swift in Sources */ = {isa = PBXBuildFile; fileRef = 512EA66E25B0471C00B1E06B /* feed.grpc.swift */; };
		512EA67925B0471C00B1E06B /* feed.grpc.swift in Sources */ = {isa = PBXBuildFile; fileRef = 512EA66E25B0471C00B1E06B /* feed.grpc.swift */; };
		512EA67A25B0471C00B1E06B /* blob.grpc.swift in Sources */ = {isa = PBXBuildFile; fileRef = 512EA66F25B0471C00B1E06B /* blob.grpc.swift */; };
		512EA67B25B0471C00B1E06B /* blob.grpc.swift in Sources */ = {isa = PBXBuildFile; fileRef = 512EA66F25B0471C00B1E06B /* blob.grpc.swift */; };
		512EA68725B0483100B1E06B /* FeedView.swift in Sources */ = {isa = PBXBuildFile; fileRef = 512EA68625B0483100B1E06B /* FeedView.swift */; };
		512EA68825B0483100B1E06B /* FeedView.swift in Sources */ = {isa = PBXBuildFile; fileRef = 512EA68625B0483100B1E06B /* FeedView.swift */; };
		512EA68E25B0485100B1E06B /* FeedViewModel.swift in Sources */ = {isa = PBXBuildFile; fileRef = 512EA68D25B0485100B1E06B /* FeedViewModel.swift */; };
		512EA68F25B0485100B1E06B /* FeedViewModel.swift in Sources */ = {isa = PBXBuildFile; fileRef = 512EA68D25B0485100B1E06B /* FeedViewModel.swift */; };
		512EA69525B048AB00B1E06B /* FeedService.swift in Sources */ = {isa = PBXBuildFile; fileRef = 512EA69425B048AB00B1E06B /* FeedService.swift */; };
		512EA69625B048AB00B1E06B /* FeedService.swift in Sources */ = {isa = PBXBuildFile; fileRef = 512EA69425B048AB00B1E06B /* FeedService.swift */; };
		513AE09A258BADB20030F21A /* ContentViewModel.swift in Sources */ = {isa = PBXBuildFile; fileRef = 513AE099258BADB20030F21A /* ContentViewModel.swift */; };
		513AE09B258BADB20030F21A /* ContentViewModel.swift in Sources */ = {isa = PBXBuildFile; fileRef = 513AE099258BADB20030F21A /* ContentViewModel.swift */; };
		517B1E3825ADCD9400BDA9CA /* Kingfisher in Frameworks */ = {isa = PBXBuildFile; productRef = 517B1E3725ADCD9400BDA9CA /* Kingfisher */; };
		51BF4B2A258CBBCF0043BD5C /* InfoKey.swift in Sources */ = {isa = PBXBuildFile; fileRef = 51BF4B29258CBBCF0043BD5C /* InfoKey.swift */; };
		51BF4B2B258CBBCF0043BD5C /* InfoKey.swift in Sources */ = {isa = PBXBuildFile; fileRef = 51BF4B29258CBBCF0043BD5C /* InfoKey.swift */; };
		51BF4B31258CE11B0043BD5C /* ImagePickerView.swift in Sources */ = {isa = PBXBuildFile; fileRef = 51BF4B30258CE11B0043BD5C /* ImagePickerView.swift */; };
		51BF4B32258CE11B0043BD5C /* ImagePickerView.swift in Sources */ = {isa = PBXBuildFile; fileRef = 51BF4B30258CE11B0043BD5C /* ImagePickerView.swift */; };
		51C3613325AC739A00C49446 /* Array+Extensions.swift in Sources */ = {isa = PBXBuildFile; fileRef = 51C3613225AC739A00C49446 /* Array+Extensions.swift */; };
		51C3613425AC739A00C49446 /* Array+Extensions.swift in Sources */ = {isa = PBXBuildFile; fileRef = 51C3613225AC739A00C49446 /* Array+Extensions.swift */; };
		8A262AFB25ADB10900FD17BC /* Error.swift in Sources */ = {isa = PBXBuildFile; fileRef = 8A262AFA25ADB10900FD17BC /* Error.swift */; };
		8A262AFC25ADB10900FD17BC /* Error.swift in Sources */ = {isa = PBXBuildFile; fileRef = 8A262AFA25ADB10900FD17BC /* Error.swift */; };
		8A6ACB3025B1ED9A00AE5077 /* ConnectivityHandler.swift in Sources */ = {isa = PBXBuildFile; fileRef = 8A6ACB2F25B1ED9A00AE5077 /* ConnectivityHandler.swift */; };
		8A6ACB3125B1ED9A00AE5077 /* ConnectivityHandler.swift in Sources */ = {isa = PBXBuildFile; fileRef = 8A6ACB2F25B1ED9A00AE5077 /* ConnectivityHandler.swift */; };
		8A6ACB3825B1EF4500AE5077 /* RemoteChannel.swift in Sources */ = {isa = PBXBuildFile; fileRef = 8A6ACB3725B1EF4500AE5077 /* RemoteChannel.swift */; };
		8A6ACB3925B1EF4500AE5077 /* RemoteChannel.swift in Sources */ = {isa = PBXBuildFile; fileRef = 8A6ACB3725B1EF4500AE5077 /* RemoteChannel.swift */; };
		8A6ACB4725B1FE4800AE5077 /* FeedRequest.swift in Sources */ = {isa = PBXBuildFile; fileRef = 8A6ACB4625B1FE4800AE5077 /* FeedRequest.swift */; };
		8A6ACB4825B1FE4800AE5077 /* FeedRequest.swift in Sources */ = {isa = PBXBuildFile; fileRef = 8A6ACB4625B1FE4800AE5077 /* FeedRequest.swift */; };
		8A8153F025A8CA220070D440 /* local.xcconfig in Resources */ = {isa = PBXBuildFile; fileRef = 8A8153EF25A8CA220070D440 /* local.xcconfig */; };
		8A8153F125A8CA220070D440 /* local.xcconfig in Resources */ = {isa = PBXBuildFile; fileRef = 8A8153EF25A8CA220070D440 /* local.xcconfig */; };
		8A8153F225A8CA220070D440 /* local.xcconfig in Resources */ = {isa = PBXBuildFile; fileRef = 8A8153EF25A8CA220070D440 /* local.xcconfig */; };
		8A8153F325A8CA220070D440 /* local.xcconfig in Resources */ = {isa = PBXBuildFile; fileRef = 8A8153EF25A8CA220070D440 /* local.xcconfig */; };
		8A97B2BE25AF0BEA00373D76 /* DownloadedBlob.swift in Sources */ = {isa = PBXBuildFile; fileRef = 8A97B2BD25AF0BEA00373D76 /* DownloadedBlob.swift */; };
		8A97B2DA25AF15DC00373D76 /* BlobInfo.swift in Sources */ = {isa = PBXBuildFile; fileRef = 8A97B2D925AF15DC00373D76 /* BlobInfo.swift */; };
		8AB8B3CB258B885D00D89F15 /* Tests_iOS.swift in Sources */ = {isa = PBXBuildFile; fileRef = 8AB8B3CA258B885D00D89F15 /* Tests_iOS.swift */; };
		8AB8B3D6258B885D00D89F15 /* Tests_macOS.swift in Sources */ = {isa = PBXBuildFile; fileRef = 8AB8B3D5258B885D00D89F15 /* Tests_macOS.swift */; };
		8AB8B3D8258B885D00D89F15 /* DelaApp.swift in Sources */ = {isa = PBXBuildFile; fileRef = 8AB8B3AF258B885B00D89F15 /* DelaApp.swift */; };
		8AB8B3D9258B885D00D89F15 /* DelaApp.swift in Sources */ = {isa = PBXBuildFile; fileRef = 8AB8B3AF258B885B00D89F15 /* DelaApp.swift */; };
		8AB8B3DA258B885D00D89F15 /* ContentView.swift in Sources */ = {isa = PBXBuildFile; fileRef = 8AB8B3B0258B885B00D89F15 /* ContentView.swift */; };
		8AB8B3DB258B885D00D89F15 /* ContentView.swift in Sources */ = {isa = PBXBuildFile; fileRef = 8AB8B3B0258B885B00D89F15 /* ContentView.swift */; };
		8AB8B3DC258B885D00D89F15 /* Assets.xcassets in Resources */ = {isa = PBXBuildFile; fileRef = 8AB8B3B1258B885D00D89F15 /* Assets.xcassets */; };
		8AB8B3DD258B885D00D89F15 /* Assets.xcassets in Resources */ = {isa = PBXBuildFile; fileRef = 8AB8B3B1258B885D00D89F15 /* Assets.xcassets */; };
		8AB8B3F2258B8EE700D89F15 /* GRPC in Frameworks */ = {isa = PBXBuildFile; productRef = 8AB8B3F1258B8EE700D89F15 /* GRPC */; };
		8AE1F59A258CFC9900CD6D01 /* BlobClient.swift in Sources */ = {isa = PBXBuildFile; fileRef = 8AE1F599258CFC9900CD6D01 /* BlobClient.swift */; };
		8AE1F59B258CFC9900CD6D01 /* BlobClient.swift in Sources */ = {isa = PBXBuildFile; fileRef = 8AE1F599258CFC9900CD6D01 /* BlobClient.swift */; };
/* End PBXBuildFile section */

/* Begin PBXContainerItemProxy section */
		8AB8B3C7258B885D00D89F15 /* PBXContainerItemProxy */ = {
			isa = PBXContainerItemProxy;
			containerPortal = 8AB8B3AA258B885A00D89F15 /* Project object */;
			proxyType = 1;
			remoteGlobalIDString = 8AB8B3B5258B885D00D89F15;
			remoteInfo = "Dela (iOS)";
		};
		8AB8B3D2258B885D00D89F15 /* PBXContainerItemProxy */ = {
			isa = PBXContainerItemProxy;
			containerPortal = 8AB8B3AA258B885A00D89F15 /* Project object */;
			proxyType = 1;
			remoteGlobalIDString = 8AB8B3BD258B885D00D89F15;
			remoteInfo = "Dela (macOS)";
		};
/* End PBXContainerItemProxy section */

/* Begin PBXFileReference section */
		5107637225B04E7100B82F7F /* FeedArticle.swift */ = {isa = PBXFileReference; lastKnownFileType = sourcecode.swift; path = FeedArticle.swift; sourceTree = "<group>"; };
		512EA66A25B0471C00B1E06B /* feed.pb.swift */ = {isa = PBXFileReference; fileEncoding = 4; lastKnownFileType = sourcecode.swift; path = feed.pb.swift; sourceTree = "<group>"; };
		512EA66B25B0471C00B1E06B /* blob.pb.swift */ = {isa = PBXFileReference; fileEncoding = 4; lastKnownFileType = sourcecode.swift; path = blob.pb.swift; sourceTree = "<group>"; };
		512EA66C25B0471C00B1E06B /* helloworld.grpc.swift */ = {isa = PBXFileReference; fileEncoding = 4; lastKnownFileType = sourcecode.swift; path = helloworld.grpc.swift; sourceTree = "<group>"; };
		512EA66D25B0471C00B1E06B /* helloworld.pb.swift */ = {isa = PBXFileReference; fileEncoding = 4; lastKnownFileType = sourcecode.swift; path = helloworld.pb.swift; sourceTree = "<group>"; };
		512EA66E25B0471C00B1E06B /* feed.grpc.swift */ = {isa = PBXFileReference; fileEncoding = 4; lastKnownFileType = sourcecode.swift; path = feed.grpc.swift; sourceTree = "<group>"; };
		512EA66F25B0471C00B1E06B /* blob.grpc.swift */ = {isa = PBXFileReference; fileEncoding = 4; lastKnownFileType = sourcecode.swift; path = blob.grpc.swift; sourceTree = "<group>"; };
		512EA68625B0483100B1E06B /* FeedView.swift */ = {isa = PBXFileReference; lastKnownFileType = sourcecode.swift; path = FeedView.swift; sourceTree = "<group>"; };
		512EA68D25B0485100B1E06B /* FeedViewModel.swift */ = {isa = PBXFileReference; lastKnownFileType = sourcecode.swift; path = FeedViewModel.swift; sourceTree = "<group>"; };
		512EA69425B048AB00B1E06B /* FeedService.swift */ = {isa = PBXFileReference; lastKnownFileType = sourcecode.swift; path = FeedService.swift; sourceTree = "<group>"; };
		513AE099258BADB20030F21A /* ContentViewModel.swift */ = {isa = PBXFileReference; lastKnownFileType = sourcecode.swift; path = ContentViewModel.swift; sourceTree = "<group>"; };
		51AF093125B0360F00B0ABA9 /* Scripts */ = {isa = PBXFileReference; lastKnownFileType = folder; name = Scripts; path = Dela_App/Scripts; sourceTree = "<group>"; };
		51BF4B29258CBBCF0043BD5C /* InfoKey.swift */ = {isa = PBXFileReference; lastKnownFileType = sourcecode.swift; path = InfoKey.swift; sourceTree = "<group>"; };
		51BF4B30258CE11B0043BD5C /* ImagePickerView.swift */ = {isa = PBXFileReference; lastKnownFileType = sourcecode.swift; path = ImagePickerView.swift; sourceTree = "<group>"; };
		51C3613225AC739A00C49446 /* Array+Extensions.swift */ = {isa = PBXFileReference; lastKnownFileType = sourcecode.swift; path = "Array+Extensions.swift"; sourceTree = "<group>"; };
		8A262AD225AC7FAA00FD17BC /* Proto */ = {isa = PBXFileReference; lastKnownFileType = folder; path = Proto; sourceTree = "<group>"; };
		8A262AFA25ADB10900FD17BC /* Error.swift */ = {isa = PBXFileReference; lastKnownFileType = sourcecode.swift; path = Error.swift; sourceTree = "<group>"; };
		8A6ACB2F25B1ED9A00AE5077 /* ConnectivityHandler.swift */ = {isa = PBXFileReference; lastKnownFileType = sourcecode.swift; path = ConnectivityHandler.swift; sourceTree = "<group>"; };
		8A6ACB3725B1EF4500AE5077 /* RemoteChannel.swift */ = {isa = PBXFileReference; lastKnownFileType = sourcecode.swift; path = RemoteChannel.swift; sourceTree = "<group>"; };
		8A6ACB4625B1FE4800AE5077 /* FeedRequest.swift */ = {isa = PBXFileReference; lastKnownFileType = sourcecode.swift; path = FeedRequest.swift; sourceTree = "<group>"; };
		8A8153A725A89C4D0070D440 /* .swiftlint.yml */ = {isa = PBXFileReference; lastKnownFileType = text.yaml; path = .swiftlint.yml; sourceTree = SOURCE_ROOT; };
		8A8153EF25A8CA220070D440 /* local.xcconfig */ = {isa = PBXFileReference; fileEncoding = 4; lastKnownFileType = text.xcconfig; path = local.xcconfig; sourceTree = SOURCE_ROOT; };
		8A81541225AC462F0070D440 /* setup.sh */ = {isa = PBXFileReference; lastKnownFileType = text.script.sh; path = setup.sh; sourceTree = "<group>"; };
		8A81541325AC462F0070D440 /* .gitignore */ = {isa = PBXFileReference; lastKnownFileType = text; path = .gitignore; sourceTree = "<group>"; };
		8A81541425AC462F0070D440 /* README.md */ = {isa = PBXFileReference; lastKnownFileType = net.daringfireball.markdown; path = README.md; sourceTree = "<group>"; };
		8A97B2BD25AF0BEA00373D76 /* DownloadedBlob.swift */ = {isa = PBXFileReference; lastKnownFileType = sourcecode.swift; path = DownloadedBlob.swift; sourceTree = "<group>"; };
		8A97B2D925AF15DC00373D76 /* BlobInfo.swift */ = {isa = PBXFileReference; lastKnownFileType = sourcecode.swift; path = BlobInfo.swift; sourceTree = "<group>"; };
		8AB8B3AF258B885B00D89F15 /* DelaApp.swift */ = {isa = PBXFileReference; lastKnownFileType = sourcecode.swift; path = DelaApp.swift; sourceTree = "<group>"; };
		8AB8B3B0258B885B00D89F15 /* ContentView.swift */ = {isa = PBXFileReference; lastKnownFileType = sourcecode.swift; path = ContentView.swift; sourceTree = "<group>"; };
		8AB8B3B1258B885D00D89F15 /* Assets.xcassets */ = {isa = PBXFileReference; lastKnownFileType = folder.assetcatalog; path = Assets.xcassets; sourceTree = "<group>"; };
		8AB8B3B6258B885D00D89F15 /* Dela.app */ = {isa = PBXFileReference; explicitFileType = wrapper.application; includeInIndex = 0; path = Dela.app; sourceTree = BUILT_PRODUCTS_DIR; };
		8AB8B3B9258B885D00D89F15 /* Info.plist */ = {isa = PBXFileReference; lastKnownFileType = text.plist.xml; path = Info.plist; sourceTree = "<group>"; };
		8AB8B3BE258B885D00D89F15 /* Dela.app */ = {isa = PBXFileReference; explicitFileType = wrapper.application; includeInIndex = 0; path = Dela.app; sourceTree = BUILT_PRODUCTS_DIR; };
		8AB8B3C0258B885D00D89F15 /* Info.plist */ = {isa = PBXFileReference; lastKnownFileType = text.plist.xml; path = Info.plist; sourceTree = "<group>"; };
		8AB8B3C1258B885D00D89F15 /* macOS.entitlements */ = {isa = PBXFileReference; lastKnownFileType = text.plist.entitlements; path = macOS.entitlements; sourceTree = "<group>"; };
		8AB8B3C6258B885D00D89F15 /* Tests iOS.xctest */ = {isa = PBXFileReference; explicitFileType = wrapper.cfbundle; includeInIndex = 0; path = "Tests iOS.xctest"; sourceTree = BUILT_PRODUCTS_DIR; };
		8AB8B3CA258B885D00D89F15 /* Tests_iOS.swift */ = {isa = PBXFileReference; lastKnownFileType = sourcecode.swift; path = Tests_iOS.swift; sourceTree = "<group>"; };
		8AB8B3CC258B885D00D89F15 /* Info.plist */ = {isa = PBXFileReference; lastKnownFileType = text.plist.xml; path = Info.plist; sourceTree = "<group>"; };
		8AB8B3D1258B885D00D89F15 /* Tests macOS.xctest */ = {isa = PBXFileReference; explicitFileType = wrapper.cfbundle; includeInIndex = 0; path = "Tests macOS.xctest"; sourceTree = BUILT_PRODUCTS_DIR; };
		8AB8B3D5258B885D00D89F15 /* Tests_macOS.swift */ = {isa = PBXFileReference; lastKnownFileType = sourcecode.swift; path = Tests_macOS.swift; sourceTree = "<group>"; };
		8AB8B3D7258B885D00D89F15 /* Info.plist */ = {isa = PBXFileReference; lastKnownFileType = text.plist.xml; path = Info.plist; sourceTree = "<group>"; };
		8AE1F599258CFC9900CD6D01 /* BlobClient.swift */ = {isa = PBXFileReference; lastKnownFileType = sourcecode.swift; path = BlobClient.swift; sourceTree = "<group>"; };
/* End PBXFileReference section */

/* Begin PBXFrameworksBuildPhase section */
		8AB8B3B3258B885D00D89F15 /* Frameworks */ = {
			isa = PBXFrameworksBuildPhase;
			buildActionMask = 2147483647;
			files = (
				517B1E3825ADCD9400BDA9CA /* Kingfisher in Frameworks */,
				8AB8B3F2258B8EE700D89F15 /* GRPC in Frameworks */,
			);
			runOnlyForDeploymentPostprocessing = 0;
		};
		8AB8B3BB258B885D00D89F15 /* Frameworks */ = {
			isa = PBXFrameworksBuildPhase;
			buildActionMask = 2147483647;
			files = (
			);
			runOnlyForDeploymentPostprocessing = 0;
		};
		8AB8B3C3258B885D00D89F15 /* Frameworks */ = {
			isa = PBXFrameworksBuildPhase;
			buildActionMask = 2147483647;
			files = (
			);
			runOnlyForDeploymentPostprocessing = 0;
		};
		8AB8B3CE258B885D00D89F15 /* Frameworks */ = {
			isa = PBXFrameworksBuildPhase;
			buildActionMask = 2147483647;
			files = (
			);
			runOnlyForDeploymentPostprocessing = 0;
		};
/* End PBXFrameworksBuildPhase section */

/* Begin PBXGroup section */
		512EA66925B0471C00B1E06B /* GenGrpcClient */ = {
			isa = PBXGroup;
			children = (
				512EA66A25B0471C00B1E06B /* feed.pb.swift */,
				512EA66B25B0471C00B1E06B /* blob.pb.swift */,
				512EA66C25B0471C00B1E06B /* helloworld.grpc.swift */,
				512EA66D25B0471C00B1E06B /* helloworld.pb.swift */,
				512EA66E25B0471C00B1E06B /* feed.grpc.swift */,
				512EA66F25B0471C00B1E06B /* blob.grpc.swift */,
			);
			path = GenGrpcClient;
			sourceTree = "<group>";
		};
		512EA68025B0480C00B1E06B /* FeedView */ = {
			isa = PBXGroup;
			children = (
				512EA68625B0483100B1E06B /* FeedView.swift */,
				512EA68D25B0485100B1E06B /* FeedViewModel.swift */,
			);
			path = FeedView;
			sourceTree = "<group>";
		};
		512EA68125B0481500B1E06B /* Views */ = {
			isa = PBXGroup;
			children = (
				512EA68025B0480C00B1E06B /* FeedView */,
				8A97B2CB25AF123500373D76 /* ContentView */,
			);
			path = Views;
			sourceTree = "<group>";
		};
		8A6ACB3625B1EF2000AE5077 /* Remote */ = {
			isa = PBXGroup;
			children = (
				8A6ACB2F25B1ED9A00AE5077 /* ConnectivityHandler.swift */,
				8AE1F598258CFC8100CD6D01 /* Clients */,
				8A6ACB3725B1EF4500AE5077 /* RemoteChannel.swift */,
			);
			path = Remote;
			sourceTree = "<group>";
		};
		8A8153A625A89BDB0070D440 /* Project */ = {
			isa = PBXGroup;
			children = (
				51AF093125B0360F00B0ABA9 /* Scripts */,
				8A262AD225AC7FAA00FD17BC /* Proto */,
				8A81541325AC462F0070D440 /* .gitignore */,
				8A81541425AC462F0070D440 /* README.md */,
				8A81541225AC462F0070D440 /* setup.sh */,
				8A8153EF25A8CA220070D440 /* local.xcconfig */,
				8A8153A725A89C4D0070D440 /* .swiftlint.yml */,
			);
			name = Project;
			path = ..;
			sourceTree = "<group>";
		};
		8A97B2BC25AF0BDA00373D76 /* Models */ = {
			isa = PBXGroup;
			children = (
				8A97B2BD25AF0BEA00373D76 /* DownloadedBlob.swift */,
				8A97B2D925AF15DC00373D76 /* BlobInfo.swift */,
				5107637225B04E7100B82F7F /* FeedArticle.swift */,
				8A6ACB4625B1FE4800AE5077 /* FeedRequest.swift */,
			);
			path = Models;
			sourceTree = "<group>";
		};
		8A97B2CB25AF123500373D76 /* ContentView */ = {
			isa = PBXGroup;
			children = (
				8AB8B3B0258B885B00D89F15 /* ContentView.swift */,
				513AE099258BADB20030F21A /* ContentViewModel.swift */,
			);
			path = ContentView;
			sourceTree = "<group>";
		};
		8A97B2D425AF128100373D76 /* Lib */ = {
			isa = PBXGroup;
			children = (
				512EA66925B0471C00B1E06B /* GenGrpcClient */,
				51BF4B30258CE11B0043BD5C /* ImagePickerView.swift */,
			);
			path = Lib;
			sourceTree = "<group>";
		};
		8AB8B3A9258B885A00D89F15 = {
			isa = PBXGroup;
			children = (
				8A8153A625A89BDB0070D440 /* Project */,
				8AB8B3AE258B885B00D89F15 /* Shared */,
				8AB8B3B8258B885D00D89F15 /* iOS */,
				8AB8B3BF258B885D00D89F15 /* macOS */,
				8AB8B3C9258B885D00D89F15 /* Tests iOS */,
				8AB8B3D4258B885D00D89F15 /* Tests macOS */,
				8AB8B3B7258B885D00D89F15 /* Products */,
			);
			sourceTree = "<group>";
		};
		8AB8B3AE258B885B00D89F15 /* Shared */ = {
			isa = PBXGroup;
			children = (
				8ADAF39425B6E3DF00826CF5 /* New Group */,
				512EA68125B0481500B1E06B /* Views */,
				8A97B2D425AF128100373D76 /* Lib */,
				8A97B2BC25AF0BDA00373D76 /* Models */,
				8A6ACB3625B1EF2000AE5077 /* Remote */,
				8AB8B3AF258B885B00D89F15 /* DelaApp.swift */,
				8AB8B3B1258B885D00D89F15 /* Assets.xcassets */,
				51BF4B29258CBBCF0043BD5C /* InfoKey.swift */,
				51C3613225AC739A00C49446 /* Array+Extensions.swift */,
				8A262AFA25ADB10900FD17BC /* Error.swift */,
			);
			path = Shared;
			sourceTree = "<group>";
		};
		8AB8B3B7258B885D00D89F15 /* Products */ = {
			isa = PBXGroup;
			children = (
				8AB8B3B6258B885D00D89F15 /* Dela.app */,
				8AB8B3BE258B885D00D89F15 /* Dela.app */,
				8AB8B3C6258B885D00D89F15 /* Tests iOS.xctest */,
				8AB8B3D1258B885D00D89F15 /* Tests macOS.xctest */,
			);
			name = Products;
			sourceTree = "<group>";
		};
		8AB8B3B8258B885D00D89F15 /* iOS */ = {
			isa = PBXGroup;
			children = (
				8AB8B3B9258B885D00D89F15 /* Info.plist */,
			);
			path = iOS;
			sourceTree = "<group>";
		};
		8AB8B3BF258B885D00D89F15 /* macOS */ = {
			isa = PBXGroup;
			children = (
				8AB8B3C0258B885D00D89F15 /* Info.plist */,
				8AB8B3C1258B885D00D89F15 /* macOS.entitlements */,
			);
			path = macOS;
			sourceTree = "<group>";
		};
		8AB8B3C9258B885D00D89F15 /* Tests iOS */ = {
			isa = PBXGroup;
			children = (
				8AB8B3CA258B885D00D89F15 /* Tests_iOS.swift */,
				8AB8B3CC258B885D00D89F15 /* Info.plist */,
			);
			path = "Tests iOS";
			sourceTree = "<group>";
		};
		8AB8B3D4258B885D00D89F15 /* Tests macOS */ = {
			isa = PBXGroup;
			children = (
				8AB8B3D5258B885D00D89F15 /* Tests_macOS.swift */,
				8AB8B3D7258B885D00D89F15 /* Info.plist */,
			);
			path = "Tests macOS";
			sourceTree = "<group>";
		};
		8ADAF39425B6E3DF00826CF5 /* New Group */ = {
			isa = PBXGroup;
			children = (
			);
			path = "New Group";
			sourceTree = "<group>";
		};
		8AE1F598258CFC8100CD6D01 /* Clients */ = {
			isa = PBXGroup;
			children = (
				8AE1F599258CFC9900CD6D01 /* BlobClient.swift */,
				512EA69425B048AB00B1E06B /* FeedService.swift */,
			);
			path = Clients;
			sourceTree = "<group>";
		};
/* End PBXGroup section */

/* Begin PBXNativeTarget section */
		8AB8B3B5258B885D00D89F15 /* Dela (iOS) */ = {
			isa = PBXNativeTarget;
			buildConfigurationList = 8AB8B3E0258B885D00D89F15 /* Build configuration list for PBXNativeTarget "Dela (iOS)" */;
			buildPhases = (
				8A9AB266258B9A5D001974E2 /* Generate gRPC Client */,
				8A81538625A83C300070D440 /* SwiftLint */,
				8AB8B3B2258B885D00D89F15 /* Sources */,
				8AB8B3B3258B885D00D89F15 /* Frameworks */,
				8AB8B3B4258B885D00D89F15 /* Resources */,
			);
			buildRules = (
			);
			dependencies = (
			);
			name = "Dela (iOS)";
			packageProductDependencies = (
				8AB8B3F1258B8EE700D89F15 /* GRPC */,
				517B1E3725ADCD9400BDA9CA /* Kingfisher */,
			);
			productName = "Dela (iOS)";
			productReference = 8AB8B3B6258B885D00D89F15 /* Dela.app */;
			productType = "com.apple.product-type.application";
		};
		8AB8B3BD258B885D00D89F15 /* Dela (macOS) */ = {
			isa = PBXNativeTarget;
			buildConfigurationList = 8AB8B3E3258B885D00D89F15 /* Build configuration list for PBXNativeTarget "Dela (macOS)" */;
			buildPhases = (
				8AB8B3BA258B885D00D89F15 /* Sources */,
				8AB8B3BB258B885D00D89F15 /* Frameworks */,
				8AB8B3BC258B885D00D89F15 /* Resources */,
			);
			buildRules = (
			);
			dependencies = (
			);
			name = "Dela (macOS)";
			productName = "Dela (macOS)";
			productReference = 8AB8B3BE258B885D00D89F15 /* Dela.app */;
			productType = "com.apple.product-type.application";
		};
		8AB8B3C5258B885D00D89F15 /* Tests iOS */ = {
			isa = PBXNativeTarget;
			buildConfigurationList = 8AB8B3E6258B885D00D89F15 /* Build configuration list for PBXNativeTarget "Tests iOS" */;
			buildPhases = (
				8AB8B3C2258B885D00D89F15 /* Sources */,
				8AB8B3C3258B885D00D89F15 /* Frameworks */,
				8AB8B3C4258B885D00D89F15 /* Resources */,
			);
			buildRules = (
			);
			dependencies = (
				8AB8B3C8258B885D00D89F15 /* PBXTargetDependency */,
			);
			name = "Tests iOS";
			productName = "Tests iOS";
			productReference = 8AB8B3C6258B885D00D89F15 /* Tests iOS.xctest */;
			productType = "com.apple.product-type.bundle.ui-testing";
		};
		8AB8B3D0258B885D00D89F15 /* Tests macOS */ = {
			isa = PBXNativeTarget;
			buildConfigurationList = 8AB8B3E9258B885D00D89F15 /* Build configuration list for PBXNativeTarget "Tests macOS" */;
			buildPhases = (
				8AB8B3CD258B885D00D89F15 /* Sources */,
				8AB8B3CE258B885D00D89F15 /* Frameworks */,
				8AB8B3CF258B885D00D89F15 /* Resources */,
			);
			buildRules = (
			);
			dependencies = (
				8AB8B3D3258B885D00D89F15 /* PBXTargetDependency */,
			);
			name = "Tests macOS";
			productName = "Tests macOS";
			productReference = 8AB8B3D1258B885D00D89F15 /* Tests macOS.xctest */;
			productType = "com.apple.product-type.bundle.ui-testing";
		};
/* End PBXNativeTarget section */

/* Begin PBXProject section */
		8AB8B3AA258B885A00D89F15 /* Project object */ = {
			isa = PBXProject;
			attributes = {
				LastSwiftUpdateCheck = 1220;
				LastUpgradeCheck = 1230;
				TargetAttributes = {
					8AB8B3B5258B885D00D89F15 = {
						CreatedOnToolsVersion = 12.2;
					};
					8AB8B3BD258B885D00D89F15 = {
						CreatedOnToolsVersion = 12.2;
					};
					8AB8B3C5258B885D00D89F15 = {
						CreatedOnToolsVersion = 12.2;
						TestTargetID = 8AB8B3B5258B885D00D89F15;
					};
					8AB8B3D0258B885D00D89F15 = {
						CreatedOnToolsVersion = 12.2;
						TestTargetID = 8AB8B3BD258B885D00D89F15;
					};
				};
			};
			buildConfigurationList = 8AB8B3AD258B885A00D89F15 /* Build configuration list for PBXProject "Dela" */;
			compatibilityVersion = "Xcode 9.3";
			developmentRegion = en;
			hasScannedForEncodings = 0;
			knownRegions = (
				en,
				Base,
			);
			mainGroup = 8AB8B3A9258B885A00D89F15;
			packageReferences = (
				8AB8B3F0258B8EE700D89F15 /* XCRemoteSwiftPackageReference "grpc-swift" */,
				517B1E3625ADCD9400BDA9CA /* XCRemoteSwiftPackageReference "Kingfisher" */,
			);
			productRefGroup = 8AB8B3B7258B885D00D89F15 /* Products */;
			projectDirPath = "";
			projectRoot = "";
			targets = (
				8AB8B3B5258B885D00D89F15 /* Dela (iOS) */,
				8AB8B3BD258B885D00D89F15 /* Dela (macOS) */,
				8AB8B3C5258B885D00D89F15 /* Tests iOS */,
				8AB8B3D0258B885D00D89F15 /* Tests macOS */,
			);
		};
/* End PBXProject section */

/* Begin PBXResourcesBuildPhase section */
		8AB8B3B4258B885D00D89F15 /* Resources */ = {
			isa = PBXResourcesBuildPhase;
			buildActionMask = 2147483647;
			files = (
				8A8153F025A8CA220070D440 /* local.xcconfig in Resources */,
				8AB8B3DC258B885D00D89F15 /* Assets.xcassets in Resources */,
			);
			runOnlyForDeploymentPostprocessing = 0;
		};
		8AB8B3BC258B885D00D89F15 /* Resources */ = {
			isa = PBXResourcesBuildPhase;
			buildActionMask = 2147483647;
			files = (
				8A8153F125A8CA220070D440 /* local.xcconfig in Resources */,
				8AB8B3DD258B885D00D89F15 /* Assets.xcassets in Resources */,
			);
			runOnlyForDeploymentPostprocessing = 0;
		};
		8AB8B3C4258B885D00D89F15 /* Resources */ = {
			isa = PBXResourcesBuildPhase;
			buildActionMask = 2147483647;
			files = (
				8A8153F225A8CA220070D440 /* local.xcconfig in Resources */,
			);
			runOnlyForDeploymentPostprocessing = 0;
		};
		8AB8B3CF258B885D00D89F15 /* Resources */ = {
			isa = PBXResourcesBuildPhase;
			buildActionMask = 2147483647;
			files = (
				8A8153F325A8CA220070D440 /* local.xcconfig in Resources */,
			);
			runOnlyForDeploymentPostprocessing = 0;
		};
/* End PBXResourcesBuildPhase section */

/* Begin PBXShellScriptBuildPhase section */
		8A81538625A83C300070D440 /* SwiftLint */ = {
			isa = PBXShellScriptBuildPhase;
			buildActionMask = 2147483647;
			files = (
			);
			inputFileListPaths = (
			);
			inputPaths = (
			);
			name = SwiftLint;
			outputFileListPaths = (
			);
			outputPaths = (
			);
			runOnlyForDeploymentPostprocessing = 0;
			shellPath = /bin/sh;
			shellScript = "# Type a script or drag a script file from your workspace to insert its path.\nif which swiftlint >/dev/null; then\n  swiftlint && swiftlint autocorrect\nelse\n  echo \"warning: SwiftLint not installed, download from https://github.com/realm/SwiftLint\"\nfi\n";
		};
		8A9AB266258B9A5D001974E2 /* Generate gRPC Client */ = {
			isa = PBXShellScriptBuildPhase;
			alwaysOutOfDate = 1;
			buildActionMask = 12;
			files = (
			);
			inputFileListPaths = (
			);
			inputPaths = (
			);
			name = "Generate gRPC Client";
			outputFileListPaths = (
			);
			outputPaths = (
			);
			runOnlyForDeploymentPostprocessing = 0;
			shellPath = /bin/sh;
			shellScript = "# Type a script or drag a script file from your workspace to insert its path.\n$SRCROOT/Scripts/generateproto.sh\n\n";
		};
/* End PBXShellScriptBuildPhase section */

/* Begin PBXSourcesBuildPhase section */
		8AB8B3B2258B885D00D89F15 /* Sources */ = {
			isa = PBXSourcesBuildPhase;
			buildActionMask = 2147483647;
			files = (
				512EA68E25B0485100B1E06B /* FeedViewModel.swift in Sources */,
				512EA67425B0471C00B1E06B /* helloworld.grpc.swift in Sources */,
				8AE1F59A258CFC9900CD6D01 /* BlobClient.swift in Sources */,
				8A6ACB3825B1EF4500AE5077 /* RemoteChannel.swift in Sources */,
				8A97B2BE25AF0BEA00373D76 /* DownloadedBlob.swift in Sources */,
				8A262AFB25ADB10900FD17BC /* Error.swift in Sources */,
				8A6ACB3025B1ED9A00AE5077 /* ConnectivityHandler.swift in Sources */,
				8AB8B3DA258B885D00D89F15 /* ContentView.swift in Sources */,
				5107637325B04E7100B82F7F /* FeedArticle.swift in Sources */,
				512EA69525B048AB00B1E06B /* FeedService.swift in Sources */,
				512EA67025B0471C00B1E06B /* feed.pb.swift in Sources */,
				8A97B2DA25AF15DC00373D76 /* BlobInfo.swift in Sources */,
				512EA67225B0471C00B1E06B /* blob.pb.swift in Sources */,
				512EA67825B0471C00B1E06B /* feed.grpc.swift in Sources */,
				512EA67A25B0471C00B1E06B /* blob.grpc.swift in Sources */,
				512EA68725B0483100B1E06B /* FeedView.swift in Sources */,
				51BF4B2A258CBBCF0043BD5C /* InfoKey.swift in Sources */,
				512EA67625B0471C00B1E06B /* helloworld.pb.swift in Sources */,
				51C3613325AC739A00C49446 /* Array+Extensions.swift in Sources */,
				51BF4B31258CE11B0043BD5C /* ImagePickerView.swift in Sources */,
				8A6ACB4725B1FE4800AE5077 /* FeedRequest.swift in Sources */,
				8AB8B3D8258B885D00D89F15 /* DelaApp.swift in Sources */,
				513AE09A258BADB20030F21A /* ContentViewModel.swift in Sources */,
			);
			runOnlyForDeploymentPostprocessing = 0;
		};
		8AB8B3BA258B885D00D89F15 /* Sources */ = {
			isa = PBXSourcesBuildPhase;
			buildActionMask = 2147483647;
			files = (
				8AE1F59B258CFC9900CD6D01 /* BlobClient.swift in Sources */,
				8A6ACB4825B1FE4800AE5077 /* FeedRequest.swift in Sources */,
				512EA68F25B0485100B1E06B /* FeedViewModel.swift in Sources */,
				8A262AFC25ADB10900FD17BC /* Error.swift in Sources */,
				8AB8B3DB258B885D00D89F15 /* ContentView.swift in Sources */,
				8A6ACB3125B1ED9A00AE5077 /* ConnectivityHandler.swift in Sources */,
				51BF4B2B258CBBCF0043BD5C /* InfoKey.swift in Sources */,
				512EA67125B0471C00B1E06B /* feed.pb.swift in Sources */,
				512EA69625B048AB00B1E06B /* FeedService.swift in Sources */,
				512EA67525B0471C00B1E06B /* helloworld.grpc.swift in Sources */,
				51C3613425AC739A00C49446 /* Array+Extensions.swift in Sources */,
				8A6ACB3925B1EF4500AE5077 /* RemoteChannel.swift in Sources */,
				512EA68825B0483100B1E06B /* FeedView.swift in Sources */,
				512EA67B25B0471C00B1E06B /* blob.grpc.swift in Sources */,
				512EA67925B0471C00B1E06B /* feed.grpc.swift in Sources */,
				51BF4B32258CE11B0043BD5C /* ImagePickerView.swift in Sources */,
				512EA67325B0471C00B1E06B /* blob.pb.swift in Sources */,
				8AB8B3D9258B885D00D89F15 /* DelaApp.swift in Sources */,
				512EA67725B0471C00B1E06B /* helloworld.pb.swift in Sources */,
				513AE09B258BADB20030F21A /* ContentViewModel.swift in Sources */,
			);
			runOnlyForDeploymentPostprocessing = 0;
		};
		8AB8B3C2258B885D00D89F15 /* Sources */ = {
			isa = PBXSourcesBuildPhase;
			buildActionMask = 2147483647;
			files = (
				8AB8B3CB258B885D00D89F15 /* Tests_iOS.swift in Sources */,
			);
			runOnlyForDeploymentPostprocessing = 0;
		};
		8AB8B3CD258B885D00D89F15 /* Sources */ = {
			isa = PBXSourcesBuildPhase;
			buildActionMask = 2147483647;
			files = (
				8AB8B3D6258B885D00D89F15 /* Tests_macOS.swift in Sources */,
			);
			runOnlyForDeploymentPostprocessing = 0;
		};
/* End PBXSourcesBuildPhase section */

/* Begin PBXTargetDependency section */
		8AB8B3C8258B885D00D89F15 /* PBXTargetDependency */ = {
			isa = PBXTargetDependency;
			target = 8AB8B3B5258B885D00D89F15 /* Dela (iOS) */;
			targetProxy = 8AB8B3C7258B885D00D89F15 /* PBXContainerItemProxy */;
		};
		8AB8B3D3258B885D00D89F15 /* PBXTargetDependency */ = {
			isa = PBXTargetDependency;
			target = 8AB8B3BD258B885D00D89F15 /* Dela (macOS) */;
			targetProxy = 8AB8B3D2258B885D00D89F15 /* PBXContainerItemProxy */;
		};
/* End PBXTargetDependency section */

/* Begin XCBuildConfiguration section */
		8AB8B3DE258B885D00D89F15 /* Debug */ = {
			isa = XCBuildConfiguration;
			baseConfigurationReference = 8A8153EF25A8CA220070D440 /* local.xcconfig */;
			buildSettings = {
				ALWAYS_SEARCH_USER_PATHS = NO;
				CLANG_ANALYZER_NONNULL = YES;
				CLANG_ANALYZER_NUMBER_OBJECT_CONVERSION = YES_AGGRESSIVE;
				CLANG_CXX_LANGUAGE_STANDARD = "gnu++14";
				CLANG_CXX_LIBRARY = "libc++";
				CLANG_ENABLE_MODULES = YES;
				CLANG_ENABLE_OBJC_ARC = YES;
				CLANG_ENABLE_OBJC_WEAK = YES;
				CLANG_WARN_BLOCK_CAPTURE_AUTORELEASING = YES;
				CLANG_WARN_BOOL_CONVERSION = YES;
				CLANG_WARN_COMMA = YES;
				CLANG_WARN_CONSTANT_CONVERSION = YES;
				CLANG_WARN_DEPRECATED_OBJC_IMPLEMENTATIONS = YES;
				CLANG_WARN_DIRECT_OBJC_ISA_USAGE = YES_ERROR;
				CLANG_WARN_DOCUMENTATION_COMMENTS = YES;
				CLANG_WARN_EMPTY_BODY = YES;
				CLANG_WARN_ENUM_CONVERSION = YES;
				CLANG_WARN_INFINITE_RECURSION = YES;
				CLANG_WARN_INT_CONVERSION = YES;
				CLANG_WARN_NON_LITERAL_NULL_CONVERSION = YES;
				CLANG_WARN_OBJC_IMPLICIT_RETAIN_SELF = YES;
				CLANG_WARN_OBJC_LITERAL_CONVERSION = YES;
				CLANG_WARN_OBJC_ROOT_CLASS = YES_ERROR;
				CLANG_WARN_QUOTED_INCLUDE_IN_FRAMEWORK_HEADER = YES;
				CLANG_WARN_RANGE_LOOP_ANALYSIS = YES;
				CLANG_WARN_STRICT_PROTOTYPES = YES;
				CLANG_WARN_SUSPICIOUS_MOVE = YES;
				CLANG_WARN_UNGUARDED_AVAILABILITY = YES_AGGRESSIVE;
				CLANG_WARN_UNREACHABLE_CODE = YES;
				CLANG_WARN__DUPLICATE_METHOD_MATCH = YES;
				COPY_PHASE_STRIP = NO;
				DEBUG_INFORMATION_FORMAT = dwarf;
				ENABLE_STRICT_OBJC_MSGSEND = YES;
				ENABLE_TESTABILITY = YES;
				GCC_C_LANGUAGE_STANDARD = gnu11;
				GCC_DYNAMIC_NO_PIC = NO;
				GCC_NO_COMMON_BLOCKS = YES;
				GCC_OPTIMIZATION_LEVEL = 0;
				GCC_PREPROCESSOR_DEFINITIONS = (
					"DEBUG=1",
					"$(inherited)",
				);
				GCC_WARN_64_TO_32_BIT_CONVERSION = YES;
				GCC_WARN_ABOUT_RETURN_TYPE = YES_ERROR;
				GCC_WARN_UNDECLARED_SELECTOR = YES;
				GCC_WARN_UNINITIALIZED_AUTOS = YES_AGGRESSIVE;
				GCC_WARN_UNUSED_FUNCTION = YES;
				GCC_WARN_UNUSED_VARIABLE = YES;
				MTL_ENABLE_DEBUG_INFO = INCLUDE_SOURCE;
				MTL_FAST_MATH = YES;
				ONLY_ACTIVE_ARCH = YES;
				SWIFT_ACTIVE_COMPILATION_CONDITIONS = DEBUG;
				SWIFT_OPTIMIZATION_LEVEL = "-Onone";
			};
			name = Debug;
		};
		8AB8B3DF258B885D00D89F15 /* Release */ = {
			isa = XCBuildConfiguration;
			buildSettings = {
				ALWAYS_SEARCH_USER_PATHS = NO;
				CLANG_ANALYZER_NONNULL = YES;
				CLANG_ANALYZER_NUMBER_OBJECT_CONVERSION = YES_AGGRESSIVE;
				CLANG_CXX_LANGUAGE_STANDARD = "gnu++14";
				CLANG_CXX_LIBRARY = "libc++";
				CLANG_ENABLE_MODULES = YES;
				CLANG_ENABLE_OBJC_ARC = YES;
				CLANG_ENABLE_OBJC_WEAK = YES;
				CLANG_WARN_BLOCK_CAPTURE_AUTORELEASING = YES;
				CLANG_WARN_BOOL_CONVERSION = YES;
				CLANG_WARN_COMMA = YES;
				CLANG_WARN_CONSTANT_CONVERSION = YES;
				CLANG_WARN_DEPRECATED_OBJC_IMPLEMENTATIONS = YES;
				CLANG_WARN_DIRECT_OBJC_ISA_USAGE = YES_ERROR;
				CLANG_WARN_DOCUMENTATION_COMMENTS = YES;
				CLANG_WARN_EMPTY_BODY = YES;
				CLANG_WARN_ENUM_CONVERSION = YES;
				CLANG_WARN_INFINITE_RECURSION = YES;
				CLANG_WARN_INT_CONVERSION = YES;
				CLANG_WARN_NON_LITERAL_NULL_CONVERSION = YES;
				CLANG_WARN_OBJC_IMPLICIT_RETAIN_SELF = YES;
				CLANG_WARN_OBJC_LITERAL_CONVERSION = YES;
				CLANG_WARN_OBJC_ROOT_CLASS = YES_ERROR;
				CLANG_WARN_QUOTED_INCLUDE_IN_FRAMEWORK_HEADER = YES;
				CLANG_WARN_RANGE_LOOP_ANALYSIS = YES;
				CLANG_WARN_STRICT_PROTOTYPES = YES;
				CLANG_WARN_SUSPICIOUS_MOVE = YES;
				CLANG_WARN_UNGUARDED_AVAILABILITY = YES_AGGRESSIVE;
				CLANG_WARN_UNREACHABLE_CODE = YES;
				CLANG_WARN__DUPLICATE_METHOD_MATCH = YES;
				COPY_PHASE_STRIP = NO;
				DEBUG_INFORMATION_FORMAT = "dwarf-with-dsym";
				ENABLE_NS_ASSERTIONS = NO;
				ENABLE_STRICT_OBJC_MSGSEND = YES;
				GCC_C_LANGUAGE_STANDARD = gnu11;
				GCC_NO_COMMON_BLOCKS = YES;
				GCC_WARN_64_TO_32_BIT_CONVERSION = YES;
				GCC_WARN_ABOUT_RETURN_TYPE = YES_ERROR;
				GCC_WARN_UNDECLARED_SELECTOR = YES;
				GCC_WARN_UNINITIALIZED_AUTOS = YES_AGGRESSIVE;
				GCC_WARN_UNUSED_FUNCTION = YES;
				GCC_WARN_UNUSED_VARIABLE = YES;
				MTL_ENABLE_DEBUG_INFO = NO;
				MTL_FAST_MATH = YES;
				SWIFT_COMPILATION_MODE = wholemodule;
				SWIFT_OPTIMIZATION_LEVEL = "-O";
			};
			name = Release;
		};
		8AB8B3E1258B885D00D89F15 /* Debug */ = {
			isa = XCBuildConfiguration;
			buildSettings = {
				ASSETCATALOG_COMPILER_APPICON_NAME = AppIcon;
				ASSETCATALOG_COMPILER_GLOBAL_ACCENT_COLOR_NAME = AccentColor;
				CODE_SIGN_STYLE = Automatic;
				DEVELOPMENT_TEAM = 8V2UX22888;
				ENABLE_PREVIEWS = YES;
				INFOPLIST_FILE = iOS/Info.plist;
				IPHONEOS_DEPLOYMENT_TARGET = 14.0;
				LD_RUNPATH_SEARCH_PATHS = (
					"$(inherited)",
					"@executable_path/Frameworks",
				);
				PRODUCT_BUNDLE_IDENTIFIER = com.oneagency.Dela;
				PRODUCT_NAME = Dela;
				SDKROOT = iphoneos;
				SWIFT_VERSION = 5.0;
				TARGETED_DEVICE_FAMILY = "1,2";
			};
			name = Debug;
		};
		8AB8B3E2258B885D00D89F15 /* Release */ = {
			isa = XCBuildConfiguration;
			buildSettings = {
				ASSETCATALOG_COMPILER_APPICON_NAME = AppIcon;
				ASSETCATALOG_COMPILER_GLOBAL_ACCENT_COLOR_NAME = AccentColor;
				CODE_SIGN_STYLE = Automatic;
				DEVELOPMENT_TEAM = 8V2UX22888;
				ENABLE_PREVIEWS = YES;
				INFOPLIST_FILE = iOS/Info.plist;
				IPHONEOS_DEPLOYMENT_TARGET = 14.0;
				LD_RUNPATH_SEARCH_PATHS = (
					"$(inherited)",
					"@executable_path/Frameworks",
				);
				PRODUCT_BUNDLE_IDENTIFIER = com.oneagency.Dela;
				PRODUCT_NAME = Dela;
				SDKROOT = iphoneos;
				SWIFT_VERSION = 5.0;
				TARGETED_DEVICE_FAMILY = "1,2";
				VALIDATE_PRODUCT = YES;
			};
			name = Release;
		};
		8AB8B3E4258B885D00D89F15 /* Debug */ = {
			isa = XCBuildConfiguration;
			buildSettings = {
				ASSETCATALOG_COMPILER_APPICON_NAME = AppIcon;
				ASSETCATALOG_COMPILER_GLOBAL_ACCENT_COLOR_NAME = AccentColor;
				CODE_SIGN_ENTITLEMENTS = macOS/macOS.entitlements;
				CODE_SIGN_IDENTITY = "-";
				CODE_SIGN_STYLE = Automatic;
				COMBINE_HIDPI_IMAGES = YES;
				ENABLE_PREVIEWS = YES;
				INFOPLIST_FILE = macOS/Info.plist;
				LD_RUNPATH_SEARCH_PATHS = (
					"$(inherited)",
					"@executable_path/../Frameworks",
				);
				MACOSX_DEPLOYMENT_TARGET = 11.0;
				PRODUCT_BUNDLE_IDENTIFIER = com.oneagency.Dela;
				PRODUCT_NAME = Dela;
				SDKROOT = macosx;
				SWIFT_VERSION = 5.0;
			};
			name = Debug;
		};
		8AB8B3E5258B885D00D89F15 /* Release */ = {
			isa = XCBuildConfiguration;
			buildSettings = {
				ASSETCATALOG_COMPILER_APPICON_NAME = AppIcon;
				ASSETCATALOG_COMPILER_GLOBAL_ACCENT_COLOR_NAME = AccentColor;
				CODE_SIGN_ENTITLEMENTS = macOS/macOS.entitlements;
				CODE_SIGN_IDENTITY = "-";
				CODE_SIGN_STYLE = Automatic;
				COMBINE_HIDPI_IMAGES = YES;
				ENABLE_PREVIEWS = YES;
				INFOPLIST_FILE = macOS/Info.plist;
				LD_RUNPATH_SEARCH_PATHS = (
					"$(inherited)",
					"@executable_path/../Frameworks",
				);
				MACOSX_DEPLOYMENT_TARGET = 11.0;
				PRODUCT_BUNDLE_IDENTIFIER = com.oneagency.Dela;
				PRODUCT_NAME = Dela;
				SDKROOT = macosx;
				SWIFT_VERSION = 5.0;
			};
			name = Release;
		};
		8AB8B3E7258B885D00D89F15 /* Debug */ = {
			isa = XCBuildConfiguration;
			buildSettings = {
				ALWAYS_EMBED_SWIFT_STANDARD_LIBRARIES = YES;
				CODE_SIGN_STYLE = Automatic;
				INFOPLIST_FILE = "Tests iOS/Info.plist";
				IPHONEOS_DEPLOYMENT_TARGET = 14.2;
				LD_RUNPATH_SEARCH_PATHS = (
					"$(inherited)",
					"@executable_path/Frameworks",
					"@loader_path/Frameworks",
				);
				PRODUCT_BUNDLE_IDENTIFIER = "com.oneagency.Tests-iOS";
				PRODUCT_NAME = "$(TARGET_NAME)";
				SDKROOT = iphoneos;
				SWIFT_VERSION = 5.0;
				TARGETED_DEVICE_FAMILY = "1,2";
				TEST_TARGET_NAME = "Dela (iOS)";
			};
			name = Debug;
		};
		8AB8B3E8258B885D00D89F15 /* Release */ = {
			isa = XCBuildConfiguration;
			buildSettings = {
				ALWAYS_EMBED_SWIFT_STANDARD_LIBRARIES = YES;
				CODE_SIGN_STYLE = Automatic;
				INFOPLIST_FILE = "Tests iOS/Info.plist";
				IPHONEOS_DEPLOYMENT_TARGET = 14.2;
				LD_RUNPATH_SEARCH_PATHS = (
					"$(inherited)",
					"@executable_path/Frameworks",
					"@loader_path/Frameworks",
				);
				PRODUCT_BUNDLE_IDENTIFIER = "com.oneagency.Tests-iOS";
				PRODUCT_NAME = "$(TARGET_NAME)";
				SDKROOT = iphoneos;
				SWIFT_VERSION = 5.0;
				TARGETED_DEVICE_FAMILY = "1,2";
				TEST_TARGET_NAME = "Dela (iOS)";
				VALIDATE_PRODUCT = YES;
			};
			name = Release;
		};
		8AB8B3EA258B885D00D89F15 /* Debug */ = {
			isa = XCBuildConfiguration;
			buildSettings = {
				ALWAYS_EMBED_SWIFT_STANDARD_LIBRARIES = YES;
				CODE_SIGN_STYLE = Automatic;
				COMBINE_HIDPI_IMAGES = YES;
				INFOPLIST_FILE = "Tests macOS/Info.plist";
				LD_RUNPATH_SEARCH_PATHS = (
					"$(inherited)",
					"@executable_path/../Frameworks",
					"@loader_path/../Frameworks",
				);
				MACOSX_DEPLOYMENT_TARGET = 11.0;
				PRODUCT_BUNDLE_IDENTIFIER = "com.oneagency.Tests-macOS";
				PRODUCT_NAME = "$(TARGET_NAME)";
				SDKROOT = macosx;
				SWIFT_VERSION = 5.0;
				TEST_TARGET_NAME = "Dela (macOS)";
			};
			name = Debug;
		};
		8AB8B3EB258B885D00D89F15 /* Release */ = {
			isa = XCBuildConfiguration;
			buildSettings = {
				ALWAYS_EMBED_SWIFT_STANDARD_LIBRARIES = YES;
				CODE_SIGN_STYLE = Automatic;
				COMBINE_HIDPI_IMAGES = YES;
				INFOPLIST_FILE = "Tests macOS/Info.plist";
				LD_RUNPATH_SEARCH_PATHS = (
					"$(inherited)",
					"@executable_path/../Frameworks",
					"@loader_path/../Frameworks",
				);
				MACOSX_DEPLOYMENT_TARGET = 11.0;
				PRODUCT_BUNDLE_IDENTIFIER = "com.oneagency.Tests-macOS";
				PRODUCT_NAME = "$(TARGET_NAME)";
				SDKROOT = macosx;
				SWIFT_VERSION = 5.0;
				TEST_TARGET_NAME = "Dela (macOS)";
			};
			name = Release;
		};
/* End XCBuildConfiguration section */

/* Begin XCConfigurationList section */
		8AB8B3AD258B885A00D89F15 /* Build configuration list for PBXProject "Dela" */ = {
			isa = XCConfigurationList;
			buildConfigurations = (
				8AB8B3DE258B885D00D89F15 /* Debug */,
				8AB8B3DF258B885D00D89F15 /* Release */,
			);
			defaultConfigurationIsVisible = 0;
			defaultConfigurationName = Release;
		};
		8AB8B3E0258B885D00D89F15 /* Build configuration list for PBXNativeTarget "Dela (iOS)" */ = {
			isa = XCConfigurationList;
			buildConfigurations = (
				8AB8B3E1258B885D00D89F15 /* Debug */,
				8AB8B3E2258B885D00D89F15 /* Release */,
			);
			defaultConfigurationIsVisible = 0;
			defaultConfigurationName = Release;
		};
		8AB8B3E3258B885D00D89F15 /* Build configuration list for PBXNativeTarget "Dela (macOS)" */ = {
			isa = XCConfigurationList;
			buildConfigurations = (
				8AB8B3E4258B885D00D89F15 /* Debug */,
				8AB8B3E5258B885D00D89F15 /* Release */,
			);
			defaultConfigurationIsVisible = 0;
			defaultConfigurationName = Release;
		};
		8AB8B3E6258B885D00D89F15 /* Build configuration list for PBXNativeTarget "Tests iOS" */ = {
			isa = XCConfigurationList;
			buildConfigurations = (
				8AB8B3E7258B885D00D89F15 /* Debug */,
				8AB8B3E8258B885D00D89F15 /* Release */,
			);
			defaultConfigurationIsVisible = 0;
			defaultConfigurationName = Release;
		};
		8AB8B3E9258B885D00D89F15 /* Build configuration list for PBXNativeTarget "Tests macOS" */ = {
			isa = XCConfigurationList;
			buildConfigurations = (
				8AB8B3EA258B885D00D89F15 /* Debug */,
				8AB8B3EB258B885D00D89F15 /* Release */,
			);
			defaultConfigurationIsVisible = 0;
			defaultConfigurationName = Release;
		};
/* End XCConfigurationList section */

/* Begin XCRemoteSwiftPackageReference section */
		517B1E3625ADCD9400BDA9CA /* XCRemoteSwiftPackageReference "Kingfisher" */ = {
			isa = XCRemoteSwiftPackageReference;
			repositoryURL = "https://github.com/onevcat/Kingfisher.git";
			requirement = {
				kind = upToNextMajorVersion;
				minimumVersion = 6.0.1;
			};
		};
		8AB8B3F0258B8EE700D89F15 /* XCRemoteSwiftPackageReference "grpc-swift" */ = {
			isa = XCRemoteSwiftPackageReference;
			repositoryURL = "https://github.com/grpc/grpc-swift.git";
			requirement = {
				kind = exactVersion;
				version = "1.0.0-alpha.22";
			};
		};
/* End XCRemoteSwiftPackageReference section */

/* Begin XCSwiftPackageProductDependency section */
		517B1E3725ADCD9400BDA9CA /* Kingfisher */ = {
			isa = XCSwiftPackageProductDependency;
			package = 517B1E3625ADCD9400BDA9CA /* XCRemoteSwiftPackageReference "Kingfisher" */;
			productName = Kingfisher;
		};
		8AB8B3F1258B8EE700D89F15 /* GRPC */ = {
			isa = XCSwiftPackageProductDependency;
			package = 8AB8B3F0258B8EE700D89F15 /* XCRemoteSwiftPackageReference "grpc-swift" */;
			productName = GRPC;
		};
/* End XCSwiftPackageProductDependency section */
	};
	rootObject = 8AB8B3AA258B885A00D89F15 /* Project object */;
}
